
Microsoft Visual Studio Solution File, Format Version 12.00
# Visual Studio Version 17
VisualStudioVersion = 17.14.36414.22 d17.14
MinimumVisualStudioVersion = 10.0.40219.1
Project("{FAE04EC0-301F-11D3-BF4B-00C04F79EFBC}") = "Ecommerce2.console", "Ecommerce2.console.csproj", "{4E4A5412-F9C3-4830-BE91-8DAD4850F289}"
EndProject
Global
	GlobalSection(SolutionConfigurationPlatforms) = preSolution
		Debug|Any CPU = Debug|Any CPU
		Release|Any CPU = Release|Any CPU
	EndGlobalSection
	GlobalSection(ProjectConfigurationPlatforms) = postSolution
		{4E4A5412-F9C3-4830-BE91-8DAD4850F289}.Debug|Any CPU.ActiveCfg = Debug|Any CPU
		{4E4A5412-F9C3-4830-BE91-8DAD4850F289}.Debug|Any CPU.Build.0 = Debug|Any CPU
		{4E4A5412-F9C3-4830-BE91-8DAD4850F289}.Release|Any CPU.ActiveCfg = Release|Any CPU
		{4E4A5412-F9C3-4830-BE91-8DAD4850F289}.Release|Any CPU.Build.0 = Release|Any CPU
	EndGlobalSection
	GlobalSection(SolutionProperties) = preSolution
		HideSolutionNode = FALSE
	EndGlobalSection
	GlobalSection(ExtensibilityGlobals) = postSolution
		SolutionGuid = {A42D252D-5D3A-46B4-9429-1A4173FAB360}
	EndGlobalSection
EndGlobal
